
Microsoft Visual Studio Solution File, Format Version 12.00
# Visual Studio Version 16
VisualStudioVersion = 25.0.1705.0
MinimumVisualStudioVersion = 10.0.40219.1
Project("{FAE04EC0-301F-11D3-BF4B-00C04F79EFBC}") = "New_Employee_Profile", "New_Employee_Profile.csproj", "{13040ADD-DFE5-42AD-B82F-64D8481E4E06}"
EndProject
Global
	GlobalSection(SolutionConfigurationPlatforms) = preSolution
		Debug|Any CPU = Debug|Any CPU
		Release|Any CPU = Release|Any CPU
	EndGlobalSection
	GlobalSection(ProjectConfigurationPlatforms) = postSolution
		{13040ADD-DFE5-42AD-B82F-64D8481E4E06}.Debug|Any CPU.ActiveCfg = Debug|Any CPU
		{13040ADD-DFE5-42AD-B82F-64D8481E4E06}.Debug|Any CPU.Build.0 = Debug|Any CPU
		{13040ADD-DFE5-42AD-B82F-64D8481E4E06}.Release|Any CPU.ActiveCfg = Release|Any CPU
		{13040ADD-DFE5-42AD-B82F-64D8481E4E06}.Release|Any CPU.Build.0 = Release|Any CPU
	EndGlobalSection
	GlobalSection(SolutionProperties) = preSolution
		HideSolutionNode = FALSE
	EndGlobalSection
	GlobalSection(ExtensibilityGlobals) = postSolution
		SolutionGuid = {0086EDF3-4A4E-4E97-802E-57D6341B8E09}
	EndGlobalSection
EndGlobal
